
Microsoft Visual Studio Solution File, Format Version 12.00
# Visual Studio Version 17
VisualStudioVersion = 17.3.32922.545
MinimumVisualStudioVersion = 10.0.40219.1
Project("{FAE04EC0-301F-11D3-BF4B-00C04F79EFBC}") = "ClassesOfPost", "Diskretka\ClassesOfPost.csproj", "{F0B691D2-29E8-4B4F-887E-CAE8EC32D953}"
EndProject
Project("{FAE04EC0-301F-11D3-BF4B-00C04F79EFBC}") = "TestProject1", "TestProject1\TestProject1.csproj", "{06693AAC-D146-44CD-BF66-80CFD1D777CA}"
EndProject
Global
	GlobalSection(SolutionConfigurationPlatforms) = preSolution
		Debug|Any CPU = Debug|Any CPU
		Release|Any CPU = Release|Any CPU
	EndGlobalSection
	GlobalSection(ProjectConfigurationPlatforms) = postSolution
		{F0B691D2-29E8-4B4F-887E-CAE8EC32D953}.Debug|Any CPU.ActiveCfg = Debug|Any CPU
		{F0B691D2-29E8-4B4F-887E-CAE8EC32D953}.Debug|Any CPU.Build.0 = Debug|Any CPU
		{F0B691D2-29E8-4B4F-887E-CAE8EC32D953}.Release|Any CPU.ActiveCfg = Release|Any CPU
		{F0B691D2-29E8-4B4F-887E-CAE8EC32D953}.Release|Any CPU.Build.0 = Release|Any CPU
		{06693AAC-D146-44CD-BF66-80CFD1D777CA}.Debug|Any CPU.ActiveCfg = Debug|Any CPU
		{06693AAC-D146-44CD-BF66-80CFD1D777CA}.Debug|Any CPU.Build.0 = Debug|Any CPU
		{06693AAC-D146-44CD-BF66-80CFD1D777CA}.Release|Any CPU.ActiveCfg = Release|Any CPU
		{06693AAC-D146-44CD-BF66-80CFD1D777CA}.Release|Any CPU.Build.0 = Release|Any CPU
	EndGlobalSection
	GlobalSection(SolutionProperties) = preSolution
		HideSolutionNode = FALSE
	EndGlobalSection
	GlobalSection(ExtensibilityGlobals) = postSolution
		SolutionGuid = {DF0B7AAF-7226-4C56-A166-121225B573EC}
	EndGlobalSection
EndGlobal
